
Microsoft Visual Studio Solution File, Format Version 12.00
# Visual Studio Express 14 for Windows Desktop
VisualStudioVersion = 14.0.23107.0
MinimumVisualStudioVersion = 10.0.40219.1
Project("{FAE04EC0-301F-11D3-BF4B-00C04F79EFBC}") = "otoge_edit", "otoge_edit\otoge_edit.csproj", "{393C288A-03C2-474C-B010-275B5E5F77FB}"
EndProject
Global
	GlobalSection(SolutionConfigurationPlatforms) = preSolution
		Debug|Any CPU = Debug|Any CPU
		Release|Any CPU = Release|Any CPU
	EndGlobalSection
	GlobalSection(ProjectConfigurationPlatforms) = postSolution
		{393C288A-03C2-474C-B010-275B5E5F77FB}.Debug|Any CPU.ActiveCfg = Debug|Any CPU
		{393C288A-03C2-474C-B010-275B5E5F77FB}.Debug|Any CPU.Build.0 = Debug|Any CPU
		{393C288A-03C2-474C-B010-275B5E5F77FB}.Release|Any CPU.ActiveCfg = Release|Any CPU
		{393C288A-03C2-474C-B010-275B5E5F77FB}.Release|Any CPU.Build.0 = Release|Any CPU
	EndGlobalSection
	GlobalSection(SolutionProperties) = preSolution
		HideSolutionNode = FALSE
	EndGlobalSection
EndGlobal
